
Microsoft Visual Studio Solution File, Format Version 12.00
# Visual Studio Version 16
VisualStudioVersion = 16.0.31624.102
MinimumVisualStudioVersion = 10.0.40219.1
Project("{2150E333-8FDC-42A3-9474-1A3956D46DE8}") = "common", "common", "{B2144BD9-0EDB-47CD-9760-39ED3ED25AB8}"
	ProjectSection(SolutionItems) = preProject
		readme.md = readme.md
	EndProjectSection
EndProject
Project("{2150E333-8FDC-42A3-9474-1A3956D46DE8}") = "src", "src", "{3FADE886-D1F1-4076-9F0D-A25363A6D3C7}"
EndProject
Project("{2150E333-8FDC-42A3-9474-1A3956D46DE8}") = "tests", "tests", "{9974C143-871F-4921-9EE8-83AD9E3F0254}"
EndProject
Project("{9A19103F-16F7-4668-BE54-9A1E7A4F7556}") = "OzonEdu.MerchandiseService.Api", "src\OzonEdu.MerchandiseService.Api\OzonEdu.MerchandiseService.Api.csproj", "{70DBA836-9092-43EA-BD74-B63D2FA9F75D}"
EndProject
Project("{9A19103F-16F7-4668-BE54-9A1E7A4F7556}") = "OzonEdu.MerchandiseService.Grpc", "src\OzonEdu.MerchandiseService.Grpc\OzonEdu.MerchandiseService.Grpc.csproj", "{574C7E3A-5E7C-445F-84C7-554601B92138}"
EndProject
Project("{9A19103F-16F7-4668-BE54-9A1E7A4F7556}") = "OzonEdu.MerchandiseService.HttpClients", "src\OzonEdu.MerchandiseService.HttpClients\OzonEdu.MerchandiseService.HttpClients.csproj", "{A832B797-77A8-4F22-A2C2-8441A2903B5C}"
EndProject
Project("{9A19103F-16F7-4668-BE54-9A1E7A4F7556}") = "OzonEdu.MerchandiseService.HttpModels", "src\OzonEdu.MerchandiseService.HttpModels\OzonEdu.MerchandiseService.HttpModels.csproj", "{5C4CC0AF-AA81-495E-9924-2DAB1994B669}"
EndProject
Global
	GlobalSection(SolutionConfigurationPlatforms) = preSolution
		Debug|Any CPU = Debug|Any CPU
		Release|Any CPU = Release|Any CPU
	EndGlobalSection
	GlobalSection(ProjectConfigurationPlatforms) = postSolution
		{70DBA836-9092-43EA-BD74-B63D2FA9F75D}.Debug|Any CPU.ActiveCfg = Debug|Any CPU
		{70DBA836-9092-43EA-BD74-B63D2FA9F75D}.Debug|Any CPU.Build.0 = Debug|Any CPU
		{70DBA836-9092-43EA-BD74-B63D2FA9F75D}.Release|Any CPU.ActiveCfg = Release|Any CPU
		{70DBA836-9092-43EA-BD74-B63D2FA9F75D}.Release|Any CPU.Build.0 = Release|Any CPU
		{574C7E3A-5E7C-445F-84C7-554601B92138}.Debug|Any CPU.ActiveCfg = Debug|Any CPU
		{574C7E3A-5E7C-445F-84C7-554601B92138}.Debug|Any CPU.Build.0 = Debug|Any CPU
		{574C7E3A-5E7C-445F-84C7-554601B92138}.Release|Any CPU.ActiveCfg = Release|Any CPU
		{574C7E3A-5E7C-445F-84C7-554601B92138}.Release|Any CPU.Build.0 = Release|Any CPU
		{A832B797-77A8-4F22-A2C2-8441A2903B5C}.Debug|Any CPU.ActiveCfg = Debug|Any CPU
		{A832B797-77A8-4F22-A2C2-8441A2903B5C}.Debug|Any CPU.Build.0 = Debug|Any CPU
		{A832B797-77A8-4F22-A2C2-8441A2903B5C}.Release|Any CPU.ActiveCfg = Release|Any CPU
		{A832B797-77A8-4F22-A2C2-8441A2903B5C}.Release|Any CPU.Build.0 = Release|Any CPU
		{5C4CC0AF-AA81-495E-9924-2DAB1994B669}.Debug|Any CPU.ActiveCfg = Debug|Any CPU
		{5C4CC0AF-AA81-495E-9924-2DAB1994B669}.Debug|Any CPU.Build.0 = Debug|Any CPU
		{5C4CC0AF-AA81-495E-9924-2DAB1994B669}.Release|Any CPU.ActiveCfg = Release|Any CPU
		{5C4CC0AF-AA81-495E-9924-2DAB1994B669}.Release|Any CPU.Build.0 = Release|Any CPU
	EndGlobalSection
	GlobalSection(SolutionProperties) = preSolution
		HideSolutionNode = FALSE
	EndGlobalSection
	GlobalSection(NestedProjects) = preSolution
		{70DBA836-9092-43EA-BD74-B63D2FA9F75D} = {3FADE886-D1F1-4076-9F0D-A25363A6D3C7}
		{574C7E3A-5E7C-445F-84C7-554601B92138} = {3FADE886-D1F1-4076-9F0D-A25363A6D3C7}
		{A832B797-77A8-4F22-A2C2-8441A2903B5C} = {3FADE886-D1F1-4076-9F0D-A25363A6D3C7}
		{5C4CC0AF-AA81-495E-9924-2DAB1994B669} = {3FADE886-D1F1-4076-9F0D-A25363A6D3C7}
	EndGlobalSection
	GlobalSection(ExtensibilityGlobals) = postSolution
		SolutionGuid = {73EF7023-23ED-480B-9C30-6BF2EE7EC975}
	EndGlobalSection
EndGlobal
